<?xml version="1.0" encoding="utf-8"?>
<Project ToolsVersion="4.0" xmlns="http://schemas.microsoft.com/developer/msbuild/2003">
  <ItemGroup>
    <Filter Include="base">
      <UniqueIdentifier>{8f70246d-37b7-43b2-a24a-fd35548d7d37}</UniqueIdentifier>
    </Filter>
    <Filter Include="util">
      <UniqueIdentifier>{28c62f26-409a-43a7-acc6-c1405c5250ec}</UniqueIdentifier>
    </Filter>
    <Filter Include="deps">
      <UniqueIdentifier>{2565adb3-c753-4661-a995-d8841ba816c7}</UniqueIdentifier>
    </Filter>
    <Filter Include="deps\tlsf">
      <UniqueIdentifier>{c1dc4bcb-52c2-4946-995f-58685b3abbce}</UniqueIdentifier>
    </Filter>
    <Filter Include="test">
      <UniqueIdentifier>{ec8799bd-d480-40cd-9ba3-d65f06cbc6ea}</UniqueIdentifier>
    </Filter>
    <Filter Include="graphics">
      <UniqueIdentifier>{00d09d40-441d-4ba6-a286-d18366226116}</UniqueIdentifier>
    </Filter>
    <Filter Include="resource">
      <UniqueIdentifier>{375db5d5-e587-42f5-a442-322c19dd1979}</UniqueIdentifier>
    </Filter>
    <Filter Include="vk_layer">
      <UniqueIdentifier>{aa7f1595-476c-4941-a0a3-2648a3cced5b}</UniqueIdentifier>
    </Filter>
    <Filter Include="shader">
      <UniqueIdentifier>{f747eba1-0ba5-44d7-81ce-137016df88d4}</UniqueIdentifier>
    </Filter>
    <Filter Include="deps\stb">
      <UniqueIdentifier>{a0e055db-f165-49e7-9360-023e699cd1a4}</UniqueIdentifier>
    </Filter>
    <Filter Include="resource\cornell box">
      <UniqueIdentifier>{6665039d-d874-40b0-9562-6c1ff8a614b3}</UniqueIdentifier>
    </Filter>
    <Filter Include="deps\tiny_gltf">
      <UniqueIdentifier>{51a2a742-fd52-4c6d-8090-59b64a3c1066}</UniqueIdentifier>
    </Filter>
    <Filter Include="shader\common">
      <UniqueIdentifier>{248fc4cc-b817-4bba-8836-52c27770d27d}</UniqueIdentifier>
    </Filter>
    <Filter Include="shader\material">
      <UniqueIdentifier>{505469f3-171b-4980-bd41-bb6defc54969}</UniqueIdentifier>
    </Filter>
    <Filter Include="shader\light">
      <UniqueIdentifier>{b4bab970-d861-4805-8603-8c608c081ba0}</UniqueIdentifier>
    </Filter>
    <Filter Include="shader\sampling">
      <UniqueIdentifier>{a6919f68-5391-4f83-aa86-c9ba82ce86e2}</UniqueIdentifier>
    </Filter>
    <Filter Include="resource\Sponza">
      <UniqueIdentifier>{aef43334-f92f-4be9-894e-91a65f253142}</UniqueIdentifier>
    </Filter>
    <Filter Include="resource\transimission test">
      <UniqueIdentifier>{5679e526-cc15-49b8-9ccc-450eaf3f054e}</UniqueIdentifier>
    </Filter>
    <Filter Include="resource\san-miguel">
      <UniqueIdentifier>{e046c55d-1cb6-434c-902a-18bd3d517057}</UniqueIdentifier>
    </Filter>
    <Filter Include="resource\Living room">
      <UniqueIdentifier>{38e32548-c5ca-4b72-a5e3-6620defd82ae}</UniqueIdentifier>
    </Filter>
    <Filter Include="resource\Bistro_Exterior">
      <UniqueIdentifier>{858b0726-4161-4fa2-a643-5a004d492886}</UniqueIdentifier>
    </Filter>
    <Filter Include="shader\skybox">
      <UniqueIdentifier>{8029fe67-db26-4ca6-8985-f0d52e7aa0d1}</UniqueIdentifier>
    </Filter>
    <Filter Include="shader\gBuffer">
      <UniqueIdentifier>{e34fb2ef-ec03-422d-b8d9-63e3e1314c04}</UniqueIdentifier>
    </Filter>
    <Filter Include="shader\reservoir">
      <UniqueIdentifier>{4629ed68-8fbb-47a7-a86a-628100e2fd6d}</UniqueIdentifier>
    </Filter>
    <Filter Include="shader\generated">
      <UniqueIdentifier>{4ce48861-ca8d-48c8-9503-8c5c59c551fa}</UniqueIdentifier>
    </Filter>
  </ItemGroup>
  <ItemGroup>
    <ClInclude Include="util\memory.h">
      <Filter>util</Filter>
    </ClInclude>
    <ClInclude Include="base\base.h">
      <Filter>base</Filter>
    </ClInclude>
    <ClInclude Include="deps\tlsf\tlsf.h">
      <Filter>deps\tlsf</Filter>
    </ClInclude>
    <ClInclude Include="util\math.h">
      <Filter>util</Filter>
    </ClInclude>
    <ClInclude Include="util\log.h">
      <Filter>util</Filter>
    </ClInclude>
    <ClInclude Include="util\tagged_ptr.h">
      <Filter>util</Filter>
    </ClInclude>
    <ClInclude Include="graphics\Window.h">
      <Filter>graphics</Filter>
    </ClInclude>
    <ClInclude Include="util\pstd.h">
      <Filter>util</Filter>
    </ClInclude>
    <ClInclude Include="vk_layer\Context.h">
      <Filter>vk_layer</Filter>
    </ClInclude>
    <ClInclude Include="vk_layer\Image.h">
      <Filter>vk_layer</Filter>
    </ClInclude>
    <ClInclude Include="vk_layer\SwapChain.h">
      <Filter>vk_layer</Filter>
    </ClInclude>
    <ClInclude Include="util\Threadsafe_queue.h">
      <Filter>util</Filter>
    </ClInclude>
    <ClInclude Include="vk_layer\CommandPool.h">
      <Filter>vk_layer</Filter>
    </ClInclude>
    <ClInclude Include="vk_layer\VkMemoryAllocator.h">
      <Filter>vk_layer</Filter>
    </ClInclude>
    <ClInclude Include="vk_layer\Buffer.h">
      <Filter>vk_layer</Filter>
    </ClInclude>
    <ClInclude Include="util\FileOp.h">
      <Filter>util</Filter>
    </ClInclude>
    <ClInclude Include="vk_layer\DescriptorManager.h">
      <Filter>vk_layer</Filter>
    </ClInclude>
    <ClInclude Include="graphics\SceneLoader.h">
      <Filter>graphics</Filter>
    </ClInclude>
    <ClInclude Include="util\Vec.h">
      <Filter>util</Filter>
    </ClInclude>
    <ClInclude Include="graphics\Scene.h">
      <Filter>graphics</Filter>
    </ClInclude>
    <ClInclude Include="vk_layer\ASManager.h">
      <Filter>vk_layer</Filter>
    </ClInclude>
    <ClInclude Include="deps\stb\stb_image_write.h">
      <Filter>deps\stb</Filter>
    </ClInclude>
    <ClInclude Include="vk_layer\SyncObject.h">
      <Filter>vk_layer</Filter>
    </ClInclude>
    <ClInclude Include="graphics\Renderer.h">
      <Filter>graphics</Filter>
    </ClInclude>
    <ClInclude Include="util\Timer.h">
      <Filter>util</Filter>
    </ClInclude>
    <ClInclude Include="deps\tiny_gltf\tiny_gltf.h">
      <Filter>deps\tiny_gltf</Filter>
    </ClInclude>
    <ClInclude Include="vk_layer\Texture.h">
      <Filter>vk_layer</Filter>
    </ClInclude>
    <ClInclude Include="graphics\SkyBox.h">
      <Filter>graphics</Filter>
    </ClInclude>
    <ClInclude Include="deps\stb\stb_image.h">
      <Filter>deps\stb</Filter>
    </ClInclude>
    <ClInclude Include="graphics\ResourceManager.h">
      <Filter>graphics</Filter>
    </ClInclude>
    <ClInclude Include="vk_layer\ShaderModule.h">
      <Filter>vk_layer</Filter>
    </ClInclude>
    <ClInclude Include="vk_layer\Pipeline.h">
      <Filter>vk_layer</Filter>
    </ClInclude>
    <ClInclude Include="vk_layer\PipelineManager.h">
      <Filter>vk_layer</Filter>
    </ClInclude>
    <ClInclude Include="graphics\InputManager.h">
      <Filter>graphics</Filter>
    </ClInclude>
    <ClInclude Include="base\shader_base.h">
      <Filter>base</Filter>
    </ClInclude>
    <ClInclude Include="graphics\Reservoir_struct.h">
      <Filter>graphics</Filter>
    </ClInclude>
    <ClInclude Include="graphics\GLSLLayoutInfo.h">
      <Filter>graphics</Filter>
    </ClInclude>
  </ItemGroup>
  <ItemGroup>
    <ClCompile Include="deps\tlsf\tlsf.c">
      <Filter>deps\tlsf</Filter>
    </ClCompile>
    <ClCompile Include="test\util_memory_test.cpp">
      <Filter>test</Filter>
    </ClCompile>
    <ClCompile Include="test\util_pstd_test.cpp">
      <Filter>test</Filter>
    </ClCompile>
    <ClCompile Include="test\util_log_test.cpp">
      <Filter>test</Filter>
    </ClCompile>
    <ClCompile Include="vk_layer\Context.cpp">
      <Filter>vk_layer</Filter>
    </ClCompile>
    <ClCompile Include="vk_layer\Image.cpp">
      <Filter>vk_layer</Filter>
    </ClCompile>
    <ClCompile Include="vk_layer\SwapChain.cpp">
      <Filter>vk_layer</Filter>
    </ClCompile>
    <ClCompile Include="vk_layer\CommandPool.cpp">
      <Filter>vk_layer</Filter>
    </ClCompile>
    <ClCompile Include="vk_layer\VkMemoryAllocator.cpp">
      <Filter>vk_layer</Filter>
    </ClCompile>
    <ClCompile Include="vk_layer\Buffer.cpp">
      <Filter>vk_layer</Filter>
    </ClCompile>
    <ClCompile Include="vk_layer\DescriptorManager.cpp">
      <Filter>vk_layer</Filter>
    </ClCompile>
    <ClCompile Include="vk_layer\ASManager.cpp">
      <Filter>vk_layer</Filter>
    </ClCompile>
    <ClCompile Include="vk_layer\SyncObject.cpp">
      <Filter>vk_layer</Filter>
    </ClCompile>
    <ClCompile Include="graphics\Renderer.cpp">
      <Filter>graphics</Filter>
    </ClCompile>
    <ClCompile Include="graphics\Scene.cpp">
      <Filter>graphics</Filter>
    </ClCompile>
    <ClCompile Include="vk_layer\Texture.cpp">
      <Filter>vk_layer</Filter>
    </ClCompile>
    <ClCompile Include="graphics\Window.cpp">
      <Filter>graphics</Filter>
    </ClCompile>
    <ClCompile Include="graphics\SkyBox.cpp">
      <Filter>graphics</Filter>
    </ClCompile>
    <ClCompile Include="graphics\SceneLoader.cpp">
      <Filter>graphics</Filter>
    </ClCompile>
    <ClCompile Include="graphics\ResourceManager.cpp">
      <Filter>graphics</Filter>
    </ClCompile>
    <ClCompile Include="main.cpp" />
    <ClCompile Include="vk_layer\ShaderModule.cpp">
      <Filter>vk_layer</Filter>
    </ClCompile>
    <ClCompile Include="vk_layer\Pipeline.cpp">
      <Filter>vk_layer</Filter>
    </ClCompile>
    <ClCompile Include="vk_layer\PipelineManager.cpp">
      <Filter>vk_layer</Filter>
    </ClCompile>
    <ClCompile Include="graphics\InputManager.cpp">
      <Filter>graphics</Filter>
    </ClCompile>
  </ItemGroup>
  <ItemGroup>
    <None Include="util\Vec.inl">
      <Filter>util</Filter>
    </None>
    <None Include="resource\cornell_box\scene.gltf">
      <Filter>resource\cornell box</Filter>
    </None>
    <None Include="shader\common\shaderCommon.glslh">
      <Filter>shader\common</Filter>
    </None>
    <None Include="shader\common\util.glslh">
      <Filter>shader\common</Filter>
    </None>
    <None Include="shader\common\hitShaderCommon.glslh">
      <Filter>shader\common</Filter>
    </None>
    <None Include="shader\material\material_CookTorrance.glslh">
      <Filter>shader\material</Filter>
    </None>
    <None Include="shader\material\material_interface.glslh">
      <Filter>shader\material</Filter>
    </None>
    <None Include="shader\light\light_interface.glslh">
      <Filter>shader\light</Filter>
    </None>
    <None Include="shader\sampling\NEE.glslh">
      <Filter>shader\sampling</Filter>
    </None>
    <None Include="shader\sampling\MIS.glslh">
      <Filter>shader\sampling</Filter>
    </None>
    <None Include="shader\light\light_Mesh.glslh">
      <Filter>shader\light</Filter>
    </None>
    <None Include="resource\Sponza\Sponza.gltf">
      <Filter>resource\Sponza</Filter>
    </None>
    <None Include="shader\light\light_Directional.glslh">
      <Filter>shader\light</Filter>
    </None>
    <None Include="resource\TransmissionTest\glTF\TransmissionTest.gltf">
      <Filter>resource\transimission test</Filter>
    </None>
    <None Include="resource\San_miguel\San_miguel.gltf">
      <Filter>resource\san-miguel</Filter>
    </None>
    <None Include="resource\Living_room\Living_room.gltf">
      <Filter>resource\Living room</Filter>
    </None>
    <None Include="resource\Bistro_Exterior\BistroExterior.gltf">
      <Filter>resource\Bistro_Exterior</Filter>
    </None>
    <None Include="shader\light\light_Point.glslh">
      <Filter>shader\light</Filter>
    </None>
    <None Include="shader\skybox\skybox.glslh">
      <Filter>shader\skybox</Filter>
    </None>
    <None Include="shader\gBuffer\gBuffer.rgen">
      <Filter>shader\gBuffer</Filter>
    </None>
    <None Include="shader\gBuffer\gBuffer.rchit">
      <Filter>shader\gBuffer</Filter>
    </None>
    <None Include="shader\gBuffer\gBuffer.rahit">
      <Filter>shader\gBuffer</Filter>
    </None>
    <None Include="shader\reservoir\init_reservoir.comp">
      <Filter>shader\reservoir</Filter>
    </None>
    <None Include="shader\reservoir\reservoir_common.glslh">
      <Filter>shader\reservoir</Filter>
    </None>
    <None Include="shader\generated\G_BUFFER_header.glslh">
      <Filter>shader\generated</Filter>
    </None>
    <None Include="shader\generated\INITIALIZE_RESERVOIR_header.glslh">
      <Filter>shader\generated</Filter>
    </None>
    <None Include="shader\generated\RAY_TRACING_header.glslh">
      <Filter>shader\generated</Filter>
    </None>
    <None Include="shader\generated\TEMPORAL_REUSE_header.glslh">
      <Filter>shader\generated</Filter>
    </None>
    <None Include="shader\generated\TONE_MAPPING_header.glslh">
      <Filter>shader\generated</Filter>
    </None>
    <None Include="shader\reservoir\temporal_reuse.comp">
      <Filter>shader\reservoir</Filter>
    </None>
    <None Include="shader\generated\SPATIAL_REUSE_header.glslh">
      <Filter>shader\generated</Filter>
    </None>
    <None Include="shader\reservoir\spatial_reuse.comp">
      <Filter>shader\reservoir</Filter>
    </None>
    <None Include="shader\ReSTIR.rgen">
      <Filter>shader</Filter>
    </None>
    <None Include="shader\gBuffer\gBuffer.rmiss">
      <Filter>shader\gBuffer</Filter>
    </None>
    <None Include="shader\material\material_sample.glslh">
      <Filter>shader\material</Filter>
    </None>
  </ItemGroup>
  <ItemGroup>
    <CustomBuild Include="shader\rayGen.rgen">
      <Filter>shader</Filter>
    </CustomBuild>
    <CustomBuild Include="shader\rayMiss.rmiss">
      <Filter>shader</Filter>
    </CustomBuild>
    <CustomBuild Include="shader\tone_mapping.comp">
      <Filter>shader</Filter>
    </CustomBuild>
    <CustomBuild Include="shader\closestHit.rchit">
      <Filter>shader</Filter>
    </CustomBuild>
    <CustomBuild Include="shader\shadowRayHit.rchit">
      <Filter>shader</Filter>
    </CustomBuild>
    <CustomBuild Include="shader\shadowRayMiss.rmiss">
      <Filter>shader</Filter>
    </CustomBuild>
    <CustomBuild Include="shader\alphaTest.rahit">
      <Filter>shader</Filter>
    </CustomBuild>
    <CustomBuild Include="shader\shadowRayAnyHit.rahit">
      <Filter>shader</Filter>
    </CustomBuild>
  </ItemGroup>
</Project>